// !$*UTF8*$!
{
	archiveVersion = 1;
	classes = {
	};
	objectVersion = 50;
	objects = {

/* Begin PBXBuildFile section */
		BA1CF94123ADC8380012B3A4 /* AppDelegate.swift in Sources */ = {isa = PBXBuildFile; fileRef = BA1CF94023ADC8380012B3A4 /* AppDelegate.swift */; };
		BA1CF94323ADC8380012B3A4 /* SceneDelegate.swift in Sources */ = {isa = PBXBuildFile; fileRef = BA1CF94223ADC8380012B3A4 /* SceneDelegate.swift */; };
		BA1CF94523ADC8380012B3A4 /* ViewController.swift in Sources */ = {isa = PBXBuildFile; fileRef = BA1CF94423ADC8380012B3A4 /* ViewController.swift */; };
		BA1CF94823ADC8380012B3A4 /* Main.storyboard in Resources */ = {isa = PBXBuildFile; fileRef = BA1CF94623ADC8380012B3A4 /* Main.storyboard */; };
		BA1CF94A23ADC83A0012B3A4 /* Assets.xcassets in Resources */ = {isa = PBXBuildFile; fileRef = BA1CF94923ADC83A0012B3A4 /* Assets.xcassets */; };
		BA1CF94D23ADC83A0012B3A4 /* LaunchScreen.storyboard in Resources */ = {isa = PBXBuildFile; fileRef = BA1CF94B23ADC83A0012B3A4 /* LaunchScreen.storyboard */; };
		BA1CF95823ADC83A0012B3A4 /* weatherApp1Tests.swift in Sources */ = {isa = PBXBuildFile; fileRef = BA1CF95723ADC83A0012B3A4 /* weatherApp1Tests.swift */; };
		BA1CF96323ADC83B0012B3A4 /* weatherApp1UITests.swift in Sources */ = {isa = PBXBuildFile; fileRef = BA1CF96223ADC83B0012B3A4 /* weatherApp1UITests.swift */; };
/* End PBXBuildFile section */

/* Begin PBXContainerItemProxy section */
		BA1CF95423ADC83A0012B3A4 /* PBXContainerItemProxy */ = {
			isa = PBXContainerItemProxy;
			containerPortal = BA1CF93523ADC8380012B3A4 /* Project object */;
			proxyType = 1;
			remoteGlobalIDString = BA1CF93C23ADC8380012B3A4;
			remoteInfo = weatherApp1;
		};
		BA1CF95F23ADC83B0012B3A4 /* PBXContainerItemProxy */ = {
			isa = PBXContainerItemProxy;
			containerPortal = BA1CF93523ADC8380012B3A4 /* Project object */;
			proxyType = 1;
			remoteGlobalIDString = BA1CF93C23ADC8380012B3A4;
			remoteInfo = weatherApp1;
		};
/* End PBXContainerItemProxy section */

/* Begin PBXFileReference section */
		BA1CF93D23ADC8380012B3A4 /* weatherApp1.app */ = {isa = PBXFileReference; explicitFileType = wrapper.application; includeInIndex = 0; path = weatherApp1.app; sourceTree = BUILT_PRODUCTS_DIR; };
		BA1CF94023ADC8380012B3A4 /* AppDelegate.swift */ = {isa = PBXFileReference; lastKnownFileType = sourcecode.swift; path = AppDelegate.swift; sourceTree = "<group>"; };
		BA1CF94223ADC8380012B3A4 /* SceneDelegate.swift */ = {isa = PBXFileReference; lastKnownFileType = sourcecode.swift; path = SceneDelegate.swift; sourceTree = "<group>"; };
		BA1CF94423ADC8380012B3A4 /* ViewController.swift */ = {isa = PBXFileReference; lastKnownFileType = sourcecode.swift; path = ViewController.swift; sourceTree = "<group>"; };
		BA1CF94723ADC8380012B3A4 /* Base */ = {isa = PBXFileReference; lastKnownFileType = file.storyboard; name = Base; path = Base.lproj/Main.storyboard; sourceTree = "<group>"; };
		BA1CF94923ADC83A0012B3A4 /* Assets.xcassets */ = {isa = PBXFileReference; lastKnownFileType = folder.assetcatalog; path = Assets.xcassets; sourceTree = "<group>"; };
		BA1CF94C23ADC83A0012B3A4 /* Base */ = {isa = PBXFileReference; lastKnownFileType = file.storyboard; name = Base; path = Base.lproj/LaunchScreen.storyboard; sourceTree = "<group>"; };
		BA1CF94E23ADC83A0012B3A4 /* Info.plist */ = {isa = PBXFileReference; lastKnownFileType = text.plist.xml; path = Info.plist; sourceTree = "<group>"; };
		BA1CF95323ADC83A0012B3A4 /* weatherApp1Tests.xctest */ = {isa = PBXFileReference; explicitFileType = wrapper.cfbundle; includeInIndex = 0; path = weatherApp1Tests.xctest; sourceTree = BUILT_PRODUCTS_DIR; };
		BA1CF95723ADC83A0012B3A4 /* weatherApp1Tests.swift */ = {isa = PBXFileReference; lastKnownFileType = sourcecode.swift; path = weatherApp1Tests.swift; sourceTree = "<group>"; };
		BA1CF95923ADC83A0012B3A4 /* Info.plist */ = {isa = PBXFileReference; lastKnownFileType = text.plist.xml; path = Info.plist; sourceTree = "<group>"; };
		BA1CF95E23ADC83B0012B3A4 /* weatherApp1UITests.xctest */ = {isa = PBXFileReference; explicitFileType = wrapper.cfbundle; includeInIndex = 0; path = weatherApp1UITests.xctest; sourceTree = BUILT_PRODUCTS_DIR; };
		BA1CF96223ADC83B0012B3A4 /* weatherApp1UITests.swift */ = {isa = PBXFileReference; lastKnownFileType = sourcecode.swift; path = weatherApp1UITests.swift; sourceTree = "<group>"; };
		BA1CF96423ADC83B0012B3A4 /* Info.plist */ = {isa = PBXFileReference; lastKnownFileType = text.plist.xml; path = Info.plist; sourceTree = "<group>"; };
/* End PBXFileReference section */

/* Begin PBXFrameworksBuildPhase section */
		BA1CF93A23ADC8380012B3A4 /* Frameworks */ = {
			isa = PBXFrameworksBuildPhase;
			buildActionMask = 2147483647;
			files = (
			);
			runOnlyForDeploymentPostprocessing = 0;
		};
		BA1CF95023ADC83A0012B3A4 /* Frameworks */ = {
			isa = PBXFrameworksBuildPhase;
			buildActionMask = 2147483647;
			files = (
			);
			runOnlyForDeploymentPostprocessing = 0;
		};
		BA1CF95B23ADC83B0012B3A4 /* Frameworks */ = {
			isa = PBXFrameworksBuildPhase;
			buildActionMask = 2147483647;
			files = (
			);
			runOnlyForDeploymentPostprocessing = 0;
		};
/* End PBXFrameworksBuildPhase section */

/* Begin PBXGroup section */
		BA1CF93423ADC8380012B3A4 = {
			isa = PBXGroup;
			children = (
				BA1CF93F23ADC8380012B3A4 /* weatherApp1 */,
				BA1CF95623ADC83A0012B3A4 /* weatherApp1Tests */,
				BA1CF96123ADC83B0012B3A4 /* weatherApp1UITests */,
				BA1CF93E23ADC8380012B3A4 /* Products */,
			);
			sourceTree = "<group>";
		};
		BA1CF93E23ADC8380012B3A4 /* Products */ = {
			isa = PBXGroup;
			children = (
				BA1CF93D23ADC8380012B3A4 /* weatherApp1.app */,
				BA1CF95323ADC83A0012B3A4 /* weatherApp1Tests.xctest */,
				BA1CF95E23ADC83B0012B3A4 /* weatherApp1UITests.xctest */,
			);
			name = Products;
			sourceTree = "<group>";
		};
		BA1CF93F23ADC8380012B3A4 /* weatherApp1 */ = {
			isa = PBXGroup;
			children = (
				BA1CF94023ADC8380012B3A4 /* AppDelegate.swift */,
				BA1CF94223ADC8380012B3A4 /* SceneDelegate.swift */,
				BA1CF94423ADC8380012B3A4 /* ViewController.swift */,
				BA1CF94623ADC8380012B3A4 /* Main.storyboard */,
				BA1CF94923ADC83A0012B3A4 /* Assets.xcassets */,
				BA1CF94B23ADC83A0012B3A4 /* LaunchScreen.storyboard */,
				BA1CF94E23ADC83A0012B3A4 /* Info.plist */,
			);
			path = weatherApp1;
			sourceTree = "<group>";
		};
		BA1CF95623ADC83A0012B3A4 /* weatherApp1Tests */ = {
			isa = PBXGroup;
			children = (
				BA1CF95723ADC83A0012B3A4 /* weatherApp1Tests.swift */,
				BA1CF95923ADC83A0012B3A4 /* Info.plist */,
			);
			path = weatherApp1Tests;
			sourceTree = "<group>";
		};
		BA1CF96123ADC83B0012B3A4 /* weatherApp1UITests */ = {
			isa = PBXGroup;
			children = (
				BA1CF96223ADC83B0012B3A4 /* weatherApp1UITests.swift */,
				BA1CF96423ADC83B0012B3A4 /* Info.plist */,
			);
			path = weatherApp1UITests;
			sourceTree = "<group>";
		};
/* End PBXGroup section */

/* Begin PBXNativeTarget section */
		BA1CF93C23ADC8380012B3A4 /* weatherApp1 */ = {
			isa = PBXNativeTarget;
			buildConfigurationList = BA1CF96723ADC83B0012B3A4 /* Build configuration list for PBXNativeTarget "weatherApp1" */;
			buildPhases = (
				BA1CF93923ADC8380012B3A4 /* Sources */,
				BA1CF93A23ADC8380012B3A4 /* Frameworks */,
				BA1CF93B23ADC8380012B3A4 /* Resources */,
			);
			buildRules = (
			);
			dependencies = (
			);
			name = weatherApp1;
			productName = weatherApp1;
			productReference = BA1CF93D23ADC8380012B3A4 /* weatherApp1.app */;
			productType = "com.apple.product-type.application";
		};
		BA1CF95223ADC83A0012B3A4 /* weatherApp1Tests */ = {
			isa = PBXNativeTarget;
			buildConfigurationList = BA1CF96A23ADC83B0012B3A4 /* Build configuration list for PBXNativeTarget "weatherApp1Tests" */;
			buildPhases = (
				BA1CF94F23ADC83A0012B3A4 /* Sources */,
				BA1CF95023ADC83A0012B3A4 /* Frameworks */,
				BA1CF95123ADC83A0012B3A4 /* Resources */,
			);
			buildRules = (
			);
			dependencies = (
				BA1CF95523ADC83A0012B3A4 /* PBXTargetDependency */,
			);
			name = weatherApp1Tests;
			productName = weatherApp1Tests;
			productReference = BA1CF95323ADC83A0012B3A4 /* weatherApp1Tests.xctest */;
			productType = "com.apple.product-type.bundle.unit-test";
		};
		BA1CF95D23ADC83B0012B3A4 /* weatherApp1UITests */ = {
			isa = PBXNativeTarget;
			buildConfigurationList = BA1CF96D23ADC83B0012B3A4 /* Build configuration list for PBXNativeTarget "weatherApp1UITests" */;
			buildPhases = (
				BA1CF95A23ADC83B0012B3A4 /* Sources */,
				BA1CF95B23ADC83B0012B3A4 /* Frameworks */,
				BA1CF95C23ADC83B0012B3A4 /* Resources */,
			);
			buildRules = (
			);
			dependencies = (
				BA1CF96023ADC83B0012B3A4 /* PBXTargetDependency */,
			);
			name = weatherApp1UITests;
			productName = weatherApp1UITests;
			productReference = BA1CF95E23ADC83B0012B3A4 /* weatherApp1UITests.xctest */;
			productType = "com.apple.product-type.bundle.ui-testing";
		};
/* End PBXNativeTarget section */

/* Begin PBXProject section */
		BA1CF93523ADC8380012B3A4 /* Project object */ = {
			isa = PBXProject;
			attributes = {
				LastSwiftUpdateCheck = 1130;
				LastUpgradeCheck = 1130;
				ORGANIZATIONNAME = paulgiordano;
				TargetAttributes = {
					BA1CF93C23ADC8380012B3A4 = {
						CreatedOnToolsVersion = 11.3;
					};
					BA1CF95223ADC83A0012B3A4 = {
						CreatedOnToolsVersion = 11.3;
						TestTargetID = BA1CF93C23ADC8380012B3A4;
					};
					BA1CF95D23ADC83B0012B3A4 = {
						CreatedOnToolsVersion = 11.3;
						TestTargetID = BA1CF93C23ADC8380012B3A4;
					};
				};
			};
			buildConfigurationList = BA1CF93823ADC8380012B3A4 /* Build configuration list for PBXProject "weatherApp1" */;
			compatibilityVersion = "Xcode 9.3";
			developmentRegion = en;
			hasScannedForEncodings = 0;
			knownRegions = (
				en,
				Base,
			);
			mainGroup = BA1CF93423ADC8380012B3A4;
			productRefGroup = BA1CF93E23ADC8380012B3A4 /* Products */;
			projectDirPath = "";
			projectRoot = "";
			targets = (
				BA1CF93C23ADC8380012B3A4 /* weatherApp1 */,
				BA1CF95223ADC83A0012B3A4 /* weatherApp1Tests */,
				BA1CF95D23ADC83B0012B3A4 /* weatherApp1UITests */,
			);
		};
/* End PBXProject section */

/* Begin PBXResourcesBuildPhase section */
		BA1CF93B23ADC8380012B3A4 /* Resources */ = {
			isa = PBXResourcesBuildPhase;
			buildActionMask = 2147483647;
			files = (
				BA1CF94D23ADC83A0012B3A4 /* LaunchScreen.storyboard in Resources */,
				BA1CF94A23ADC83A0012B3A4 /* Assets.xcassets in Resources */,
				BA1CF94823ADC8380012B3A4 /* Main.storyboard in Resources */,
			);
			runOnlyForDeploymentPostprocessing = 0;
		};
		BA1CF95123ADC83A0012B3A4 /* Resources */ = {
			isa = PBXResourcesBuildPhase;
			buildActionMask = 2147483647;
			files = (
			);
			runOnlyForDeploymentPostprocessing = 0;
		};
		BA1CF95C23ADC83B0012B3A4 /* Resources */ = {
			isa = PBXResourcesBuildPhase;
			buildActionMask = 2147483647;
			files = (
			);
			runOnlyForDeploymentPostprocessing = 0;
		};
/* End PBXResourcesBuildPhase section */

/* Begin PBXSourcesBuildPhase section */
		BA1CF93923ADC8380012B3A4 /* Sources */ = {
			isa = PBXSourcesBuildPhase;
			buildActionMask = 2147483647;
			files = (
				BA1CF94523ADC8380012B3A4 /* ViewController.swift in Sources */,
				BA1CF94123ADC8380012B3A4 /* AppDelegate.swift in Sources */,
				BA1CF94323ADC8380012B3A4 /* SceneDelegate.swift in Sources */,
			);
			runOnlyForDeploymentPostprocessing = 0;
		};
		BA1CF94F23ADC83A0012B3A4 /* Sources */ = {
			isa = PBXSourcesBuildPhase;
			buildActionMask = 2147483647;
			files = (
				BA1CF95823ADC83A0012B3A4 /* weatherApp1Tests.swift in Sources */,
			);
			runOnlyForDeploymentPostprocessing = 0;
		};
		BA1CF95A23ADC83B0012B3A4 /* Sources */ = {
			isa = PBXSourcesBuildPhase;
			buildActionMask = 2147483647;
			files = (
				BA1CF96323ADC83B0012B3A4 /* weatherApp1UITests.swift in Sources */,
			);
			runOnlyForDeploymentPostprocessing = 0;
		};
/* End PBXSourcesBuildPhase section */

/* Begin PBXTargetDependency section */
		BA1CF95523ADC83A0012B3A4 /* PBXTargetDependency */ = {
			isa = PBXTargetDependency;
			target = BA1CF93C23ADC8380012B3A4 /* weatherApp1 */;
			targetProxy = BA1CF95423ADC83A0012B3A4 /* PBXContainerItemProxy */;
		};
		BA1CF96023ADC83B0012B3A4 /* PBXTargetDependency */ = {
			isa = PBXTargetDependency;
			target = BA1CF93C23ADC8380012B3A4 /* weatherApp1 */;
			targetProxy = BA1CF95F23ADC83B0012B3A4 /* PBXContainerItemProxy */;
		};
/* End PBXTargetDependency section */

/* Begin PBXVariantGroup section */
		BA1CF94623ADC8380012B3A4 /* Main.storyboard */ = {
			isa = PBXVariantGroup;
			children = (
				BA1CF94723ADC8380012B3A4 /* Base */,
			);
			name = Main.storyboard;
			sourceTree = "<group>";
		};
		BA1CF94B23ADC83A0012B3A4 /* LaunchScreen.storyboard */ = {
			isa = PBXVariantGroup;
			children = (
				BA1CF94C23ADC83A0012B3A4 /* Base */,
			);
			name = LaunchScreen.storyboard;
			sourceTree = "<group>";
		};
/* End PBXVariantGroup section */

/* Begin XCBuildConfiguration section */
		BA1CF96523ADC83B0012B3A4 /* Debug */ = {
			isa = XCBuildConfiguration;
			buildSettings = {
				ALWAYS_SEARCH_USER_PATHS = NO;
				CLANG_ANALYZER_NONNULL = YES;
				CLANG_ANALYZER_NUMBER_OBJECT_CONVERSION = YES_AGGRESSIVE;
				CLANG_CXX_LANGUAGE_STANDARD = "gnu++14";
				CLANG_CXX_LIBRARY = "libc++";
				CLANG_ENABLE_MODULES = YES;
				CLANG_ENABLE_OBJC_ARC = YES;
				CLANG_ENABLE_OBJC_WEAK = YES;
				CLANG_WARN_BLOCK_CAPTURE_AUTORELEASING = YES;
				CLANG_WARN_BOOL_CONVERSION = YES;
				CLANG_WARN_COMMA = YES;
				CLANG_WARN_CONSTANT_CONVERSION = YES;
				CLANG_WARN_DEPRECATED_OBJC_IMPLEMENTATIONS = YES;
				CLANG_WARN_DIRECT_OBJC_ISA_USAGE = YES_ERROR;
				CLANG_WARN_DOCUMENTATION_COMMENTS = YES;
				CLANG_WARN_EMPTY_BODY = YES;
				CLANG_WARN_ENUM_CONVERSION = YES;
				CLANG_WARN_INFINITE_RECURSION = YES;
				CLANG_WARN_INT_CONVERSION = YES;
				CLANG_WARN_NON_LITERAL_NULL_CONVERSION = YES;
				CLANG_WARN_OBJC_IMPLICIT_RETAIN_SELF = YES;
				CLANG_WARN_OBJC_LITERAL_CONVERSION = YES;
				CLANG_WARN_OBJC_ROOT_CLASS = YES_ERROR;
				CLANG_WARN_RANGE_LOOP_ANALYSIS = YES;
				CLANG_WARN_STRICT_PROTOTYPES = YES;
				CLANG_WARN_SUSPICIOUS_MOVE = YES;
				CLANG_WARN_UNGUARDED_AVAILABILITY = YES_AGGRESSIVE;
				CLANG_WARN_UNREACHABLE_CODE = YES;
				CLANG_WARN__DUPLICATE_METHOD_MATCH = YES;
				COPY_PHASE_STRIP = NO;
				DEBUG_INFORMATION_FORMAT = dwarf;
				ENABLE_STRICT_OBJC_MSGSEND = YES;
				ENABLE_TESTABILITY = YES;
				GCC_C_LANGUAGE_STANDARD = gnu11;
				GCC_DYNAMIC_NO_PIC = NO;
				GCC_NO_COMMON_BLOCKS = YES;
				GCC_OPTIMIZATION_LEVEL = 0;
				GCC_PREPROCESSOR_DEFINITIONS = (
					"DEBUG=1",
					"$(inherited)",
				);
				GCC_WARN_64_TO_32_BIT_CONVERSION = YES;
				GCC_WARN_ABOUT_RETURN_TYPE = YES_ERROR;
				GCC_WARN_UNDECLARED_SELECTOR = YES;
				GCC_WARN_UNINITIALIZED_AUTOS = YES_AGGRESSIVE;
				GCC_WARN_UNUSED_FUNCTION = YES;
				GCC_WARN_UNUSED_VARIABLE = YES;
				IPHONEOS_DEPLOYMENT_TARGET = 13.2;
				MTL_ENABLE_DEBUG_INFO = INCLUDE_SOURCE;
				MTL_FAST_MATH = YES;
				ONLY_ACTIVE_ARCH = YES;
				SDKROOT = iphoneos;
				SWIFT_ACTIVE_COMPILATION_CONDITIONS = DEBUG;
				SWIFT_OPTIMIZATION_LEVEL = "-Onone";
			};
			name = Debug;
		};
		BA1CF96623ADC83B0012B3A4 /* Release */ = {
			isa = XCBuildConfiguration;
			buildSettings = {
				ALWAYS_SEARCH_USER_PATHS = NO;
				CLANG_ANALYZER_NONNULL = YES;
				CLANG_ANALYZER_NUMBER_OBJECT_CONVERSION = YES_AGGRESSIVE;
				CLANG_CXX_LANGUAGE_STANDARD = "gnu++14";
				CLANG_CXX_LIBRARY = "libc++";
				CLANG_ENABLE_MODULES = YES;
				CLANG_ENABLE_OBJC_ARC = YES;
				CLANG_ENABLE_OBJC_WEAK = YES;
				CLANG_WARN_BLOCK_CAPTURE_AUTORELEASING = YES;
				CLANG_WARN_BOOL_CONVERSION = YES;
				CLANG_WARN_COMMA = YES;
				CLANG_WARN_CONSTANT_CONVERSION = YES;
				CLANG_WARN_DEPRECATED_OBJC_IMPLEMENTATIONS = YES;
				CLANG_WARN_DIRECT_OBJC_ISA_USAGE = YES_ERROR;
				CLANG_WARN_DOCUMENTATION_COMMENTS = YES;
				CLANG_WARN_EMPTY_BODY = YES;
				CLANG_WARN_ENUM_CONVERSION = YES;
				CLANG_WARN_INFINITE_RECURSION = YES;
				CLANG_WARN_INT_CONVERSION = YES;
				CLANG_WARN_NON_LITERAL_NULL_CONVERSION = YES;
				CLANG_WARN_OBJC_IMPLICIT_RETAIN_SELF = YES;
				CLANG_WARN_OBJC_LITERAL_CONVERSION = YES;
				CLANG_WARN_OBJC_ROOT_CLASS = YES_ERROR;
				CLANG_WARN_RANGE_LOOP_ANALYSIS = YES;
				CLANG_WARN_STRICT_PROTOTYPES = YES;
				CLANG_WARN_SUSPICIOUS_MOVE = YES;
				CLANG_WARN_UNGUARDED_AVAILABILITY = YES_AGGRESSIVE;
				CLANG_WARN_UNREACHABLE_CODE = YES;
				CLANG_WARN__DUPLICATE_METHOD_MATCH = YES;
				COPY_PHASE_STRIP = NO;
				DEBUG_INFORMATION_FORMAT = "dwarf-with-dsym";
				ENABLE_NS_ASSERTIONS = NO;
				ENABLE_STRICT_OBJC_MSGSEND = YES;
				GCC_C_LANGUAGE_STANDARD = gnu11;
				GCC_NO_COMMON_BLOCKS = YES;
				GCC_WARN_64_TO_32_BIT_CONVERSION = YES;
				GCC_WARN_ABOUT_RETURN_TYPE = YES_ERROR;
				GCC_WARN_UNDECLARED_SELECTOR = YES;
				GCC_WARN_UNINITIALIZED_AUTOS = YES_AGGRESSIVE;
				GCC_WARN_UNUSED_FUNCTION = YES;
				GCC_WARN_UNUSED_VARIABLE = YES;
				IPHONEOS_DEPLOYMENT_TARGET = 13.2;
				MTL_ENABLE_DEBUG_INFO = NO;
				MTL_FAST_MATH = YES;
				SDKROOT = iphoneos;
				SWIFT_COMPILATION_MODE = wholemodule;
				SWIFT_OPTIMIZATION_LEVEL = "-O";
				VALIDATE_PRODUCT = YES;
			};
			name = Release;
		};
		BA1CF96823ADC83B0012B3A4 /* Debug */ = {
			isa = XCBuildConfiguration;
			buildSettings = {
				ASSETCATALOG_COMPILER_APPICON_NAME = AppIcon;
				CODE_SIGN_STYLE = Automatic;
				DEVELOPMENT_TEAM = RL2F63DZ24;
				INFOPLIST_FILE = weatherApp1/Info.plist;
				LD_RUNPATH_SEARCH_PATHS = (
					"$(inherited)",
					"@executable_path/Frameworks",
				);
				PRODUCT_BUNDLE_IDENTIFIER = com.paul.weatherApp1;
				PRODUCT_NAME = "$(TARGET_NAME)";
				SWIFT_VERSION = 5.0;
				TARGETED_DEVICE_FAMILY = "1,2";
			};
			name = Debug;
		};
		BA1CF96923ADC83B0012B3A4 /* Release */ = {
			isa = XCBuildConfiguration;
			buildSettings = {
				ASSETCATALOG_COMPILER_APPICON_NAME = AppIcon;
				CODE_SIGN_STYLE = Automatic;
				DEVELOPMENT_TEAM = RL2F63DZ24;
				INFOPLIST_FILE = weatherApp1/Info.plist;
				LD_RUNPATH_SEARCH_PATHS = (
					"$(inherited)",
					"@executable_path/Frameworks",
				);
				PRODUCT_BUNDLE_IDENTIFIER = com.paul.weatherApp1;
				PRODUCT_NAME = "$(TARGET_NAME)";
				SWIFT_VERSION = 5.0;
				TARGETED_DEVICE_FAMILY = "1,2";
			};
			name = Release;
		};
		BA1CF96B23ADC83B0012B3A4 /* Debug */ = {
			isa = XCBuildConfiguration;
			buildSettings = {
				ALWAYS_EMBED_SWIFT_STANDARD_LIBRARIES = YES;
				BUNDLE_LOADER = "$(TEST_HOST)";
				CODE_SIGN_STYLE = Automatic;
				DEVELOPMENT_TEAM = RL2F63DZ24;
				INFOPLIST_FILE = weatherApp1Tests/Info.plist;
				IPHONEOS_DEPLOYMENT_TARGET = 13.2;
				LD_RUNPATH_SEARCH_PATHS = (
					"$(inherited)",
					"@executable_path/Frameworks",
					"@loader_path/Frameworks",
				);
				PRODUCT_BUNDLE_IDENTIFIER = com.paul.weatherApp1Tests;
				PRODUCT_NAME = "$(TARGET_NAME)";
				SWIFT_VERSION = 5.0;
				TARGETED_DEVICE_FAMILY = "1,2";
				TEST_HOST = "$(BUILT_PRODUCTS_DIR)/weatherApp1.app/weatherApp1";
			};
			name = Debug;
		};
		BA1CF96C23ADC83B0012B3A4 /* Release */ = {
			isa = XCBuildConfiguration;
			buildSettings = {
				ALWAYS_EMBED_SWIFT_STANDARD_LIBRARIES = YES;
				BUNDLE_LOADER = "$(TEST_HOST)";
				CODE_SIGN_STYLE = Automatic;
				DEVELOPMENT_TEAM = RL2F63DZ24;
				INFOPLIST_FILE = weatherApp1Tests/Info.plist;
				IPHONEOS_DEPLOYMENT_TARGET = 13.2;
				LD_RUNPATH_SEARCH_PATHS = (
					"$(inherited)",
					"@executable_path/Frameworks",
					"@loader_path/Frameworks",
				);
				PRODUCT_BUNDLE_IDENTIFIER = com.paul.weatherApp1Tests;
				PRODUCT_NAME = "$(TARGET_NAME)";
				SWIFT_VERSION = 5.0;
				TARGETED_DEVICE_FAMILY = "1,2";
				TEST_HOST = "$(BUILT_PRODUCTS_DIR)/weatherApp1.app/weatherApp1";
			};
			name = Release;
		};
		BA1CF96E23ADC83B0012B3A4 /* Debug */ = {
			isa = XCBuildConfiguration;
			buildSettings = {
				ALWAYS_EMBED_SWIFT_STANDARD_LIBRARIES = YES;
				CODE_SIGN_STYLE = Automatic;
				DEVELOPMENT_TEAM = RL2F63DZ24;
				INFOPLIST_FILE = weatherApp1UITests/Info.plist;
				LD_RUNPATH_SEARCH_PATHS = (
					"$(inherited)",
					"@executable_path/Frameworks",
					"@loader_path/Frameworks",
				);
				PRODUCT_BUNDLE_IDENTIFIER = com.paul.weatherApp1UITests;
				PRODUCT_NAME = "$(TARGET_NAME)";
				SWIFT_VERSION = 5.0;
				TARGETED_DEVICE_FAMILY = "1,2";
				TEST_TARGET_NAME = weatherApp1;
			};
			name = Debug;
		};
		BA1CF96F23ADC83B0012B3A4 /* Release */ = {
			isa = XCBuildConfiguration;
			buildSettings = {
				ALWAYS_EMBED_SWIFT_STANDARD_LIBRARIES = YES;
				CODE_SIGN_STYLE = Automatic;
				DEVELOPMENT_TEAM = RL2F63DZ24;
				INFOPLIST_FILE = weatherApp1UITests/Info.plist;
				LD_RUNPATH_SEARCH_PATHS = (
					"$(inherited)",
					"@executable_path/Frameworks",
					"@loader_path/Frameworks",
				);
				PRODUCT_BUNDLE_IDENTIFIER = com.paul.weatherApp1UITests;
				PRODUCT_NAME = "$(TARGET_NAME)";
				SWIFT_VERSION = 5.0;
				TARGETED_DEVICE_FAMILY = "1,2";
				TEST_TARGET_NAME = weatherApp1;
			};
			name = Release;
		};
/* End XCBuildConfiguration section */

/* Begin XCConfigurationList section */
		BA1CF93823ADC8380012B3A4 /* Build configuration list for PBXProject "weatherApp1" */ = {
			isa = XCConfigurationList;
			buildConfigurations = (
				BA1CF96523ADC83B0012B3A4 /* Debug */,
				BA1CF96623ADC83B0012B3A4 /* Release */,
			);
			defaultConfigurationIsVisible = 0;
			defaultConfigurationName = Release;
		};
		BA1CF96723ADC83B0012B3A4 /* Build configuration list for PBXNativeTarget "weatherApp1" */ = {
			isa = XCConfigurationList;
			buildConfigurations = (
				BA1CF96823ADC83B0012B3A4 /* Debug */,
				BA1CF96923ADC83B0012B3A4 /* Release */,
			);
			defaultConfigurationIsVisible = 0;
			defaultConfigurationName = Release;
		};
		BA1CF96A23ADC83B0012B3A4 /* Build configuration list for PBXNativeTarget "weatherApp1Tests" */ = {
			isa = XCConfigurationList;
			buildConfigurations = (
				BA1CF96B23ADC83B0012B3A4 /* Debug */,
				BA1CF96C23ADC83B0012B3A4 /* Release */,
			);
			defaultConfigurationIsVisible = 0;
			defaultConfigurationName = Release;
		};
		BA1CF96D23ADC83B0012B3A4 /* Build configuration list for PBXNativeTarget "weatherApp1UITests" */ = {
			isa = XCConfigurationList;
			buildConfigurations = (
				BA1CF96E23ADC83B0012B3A4 /* Debug */,
				BA1CF96F23ADC83B0012B3A4 /* Release */,
			);
			defaultConfigurationIsVisible = 0;
			defaultConfigurationName = Release;
		};
/* End XCConfigurationList section */
	};
	rootObject = BA1CF93523ADC8380012B3A4 /* Project object */;
}
